
Microsoft Visual Studio Solution File, Format Version 12.00
# Visual Studio Version 16
VisualStudioVersion = 16.0.30804.86
MinimumVisualStudioVersion = 10.0.40219.1
Project("{9A19103F-16F7-4668-BE54-9A1E7A4F7556}") = "WireGuardServerForWindows", "WireGuardServerForWindows\WireGuardServerForWindows.csproj", "{BF1E275D-A372-4C32-A118-EF85A28B60C8}"
EndProject
Project("{FAE04EC0-301F-11D3-BF4B-00C04F79EFBC}") = "WireGuardAPI", "WireGuardAPI\WireGuardAPI.csproj", "{16FC6541-F37F-492B-88AB-ABF73AA7BB1E}"
EndProject
Global
	GlobalSection(SolutionConfigurationPlatforms) = preSolution
		Debug|Any CPU = Debug|Any CPU
		Release|Any CPU = Release|Any CPU
	EndGlobalSection
	GlobalSection(ProjectConfigurationPlatforms) = postSolution
		{BF1E275D-A372-4C32-A118-EF85A28B60C8}.Debug|Any CPU.ActiveCfg = Debug|Any CPU
		{BF1E275D-A372-4C32-A118-EF85A28B60C8}.Debug|Any CPU.Build.0 = Debug|Any CPU
		{BF1E275D-A372-4C32-A118-EF85A28B60C8}.Release|Any CPU.ActiveCfg = Release|Any CPU
		{BF1E275D-A372-4C32-A118-EF85A28B60C8}.Release|Any CPU.Build.0 = Release|Any CPU
		{16FC6541-F37F-492B-88AB-ABF73AA7BB1E}.Debug|Any CPU.ActiveCfg = Debug|Any CPU
		{16FC6541-F37F-492B-88AB-ABF73AA7BB1E}.Debug|Any CPU.Build.0 = Debug|Any CPU
		{16FC6541-F37F-492B-88AB-ABF73AA7BB1E}.Release|Any CPU.ActiveCfg = Release|Any CPU
		{16FC6541-F37F-492B-88AB-ABF73AA7BB1E}.Release|Any CPU.Build.0 = Release|Any CPU
	EndGlobalSection
	GlobalSection(SolutionProperties) = preSolution
		HideSolutionNode = FALSE
	EndGlobalSection
	GlobalSection(ExtensibilityGlobals) = postSolution
		SolutionGuid = {88F06C70-1467-4254-BB07-2FA2A5C828FF}
	EndGlobalSection
EndGlobal
